{
	"name": "@stackstorm/module-proportional",
	"version": "1.0.0-pre.5",
	"lockfileVersion": 1,
	"requires": true,
	"dependencies": {
		"babelify": {
			"version": "8.0.0",
			"resolved": "https://registry.npmjs.org/babelify/-/babelify-8.0.0.tgz",
			"integrity": "sha512-xVr63fKEvMWUrrIbqlHYsMcc5Zdw4FSVesAHgkgajyCE1W8gbm9rbMakqavhxKvikGYMhEcqxTwB/gQmQ6lBtw=="
		}
	}
}
