{
	"requires": true,
	"lockfileVersion": 1,
	"dependencies": {
		"babelify": {
			"version": "8.0.0",
			"resolved": "https://registry.npmjs.org/babelify/-/babelify-8.0.0.tgz",
			"integrity": "sha512-xVr63fKEvMWUrrIbqlHYsMcc5Zdw4FSVesAHgkgajyCE1W8gbm9rbMakqavhxKvikGYMhEcqxTwB/gQmQ6lBtw=="
		},
		"react-time": {
			"version": "4.3.0",
			"resolved": "https://registry.npmjs.org/react-time/-/react-time-4.3.0.tgz",
			"integrity": "sha1-s3UHuLUnjwOo5/K/5wkRgkqJkd0="
		}
	}
}
